// !$*UTF8*$!
{
	archiveVersion = 1;
	classes = {
	};
	objectVersion = 46;
	objects = {

/* Begin PBXBuildFile section */
		A736583A1D495D62005171F4 /* AppDelegate.swift in Sources */ = {isa = PBXBuildFile; fileRef = A73658391D495D62005171F4 /* AppDelegate.swift */; };
		A736583C1D495D62005171F4 /* ViewController.swift in Sources */ = {isa = PBXBuildFile; fileRef = A736583B1D495D62005171F4 /* ViewController.swift */; };
		A736583F1D495D62005171F4 /* Main.storyboard in Resources */ = {isa = PBXBuildFile; fileRef = A736583D1D495D62005171F4 /* Main.storyboard */; };
		A73658411D495D62005171F4 /* Assets.xcassets in Resources */ = {isa = PBXBuildFile; fileRef = A73658401D495D62005171F4 /* Assets.xcassets */; };
		A73658441D495D62005171F4 /* LaunchScreen.storyboard in Resources */ = {isa = PBXBuildFile; fileRef = A73658421D495D62005171F4 /* LaunchScreen.storyboard */; };
		A736584F1D495D62005171F4 /* FunFactsTests.swift in Sources */ = {isa = PBXBuildFile; fileRef = A736584E1D495D62005171F4 /* FunFactsTests.swift */; };
		A736585A1D495D62005171F4 /* FunFactsUITests.swift in Sources */ = {isa = PBXBuildFile; fileRef = A73658591D495D62005171F4 /* FunFactsUITests.swift */; };
/* End PBXBuildFile section */

/* Begin PBXContainerItemProxy section */
		A736584B1D495D62005171F4 /* PBXContainerItemProxy */ = {
			isa = PBXContainerItemProxy;
			containerPortal = A736582E1D495D62005171F4 /* Project object */;
			proxyType = 1;
			remoteGlobalIDString = A73658351D495D62005171F4;
			remoteInfo = FunFacts;
		};
		A73658561D495D62005171F4 /* PBXContainerItemProxy */ = {
			isa = PBXContainerItemProxy;
			containerPortal = A736582E1D495D62005171F4 /* Project object */;
			proxyType = 1;
			remoteGlobalIDString = A73658351D495D62005171F4;
			remoteInfo = FunFacts;
		};
/* End PBXContainerItemProxy section */

/* Begin PBXFileReference section */
		A73658361D495D62005171F4 /* FunFacts.app */ = {isa = PBXFileReference; explicitFileType = wrapper.application; includeInIndex = 0; path = FunFacts.app; sourceTree = BUILT_PRODUCTS_DIR; };
		A73658391D495D62005171F4 /* AppDelegate.swift */ = {isa = PBXFileReference; lastKnownFileType = sourcecode.swift; path = AppDelegate.swift; sourceTree = "<group>"; };
		A736583B1D495D62005171F4 /* ViewController.swift */ = {isa = PBXFileReference; lastKnownFileType = sourcecode.swift; path = ViewController.swift; sourceTree = "<group>"; };
		A736583E1D495D62005171F4 /* Base */ = {isa = PBXFileReference; lastKnownFileType = file.storyboard; name = Base; path = Base.lproj/Main.storyboard; sourceTree = "<group>"; };
		A73658401D495D62005171F4 /* Assets.xcassets */ = {isa = PBXFileReference; lastKnownFileType = folder.assetcatalog; path = Assets.xcassets; sourceTree = "<group>"; };
		A73658431D495D62005171F4 /* Base */ = {isa = PBXFileReference; lastKnownFileType = file.storyboard; name = Base; path = Base.lproj/LaunchScreen.storyboard; sourceTree = "<group>"; };
		A73658451D495D62005171F4 /* Info.plist */ = {isa = PBXFileReference; lastKnownFileType = text.plist.xml; path = Info.plist; sourceTree = "<group>"; };
		A736584A1D495D62005171F4 /* FunFactsTests.xctest */ = {isa = PBXFileReference; explicitFileType = wrapper.cfbundle; includeInIndex = 0; path = FunFactsTests.xctest; sourceTree = BUILT_PRODUCTS_DIR; };
		A736584E1D495D62005171F4 /* FunFactsTests.swift */ = {isa = PBXFileReference; lastKnownFileType = sourcecode.swift; path = FunFactsTests.swift; sourceTree = "<group>"; };
		A73658501D495D62005171F4 /* Info.plist */ = {isa = PBXFileReference; lastKnownFileType = text.plist.xml; path = Info.plist; sourceTree = "<group>"; };
		A73658551D495D62005171F4 /* FunFactsUITests.xctest */ = {isa = PBXFileReference; explicitFileType = wrapper.cfbundle; includeInIndex = 0; path = FunFactsUITests.xctest; sourceTree = BUILT_PRODUCTS_DIR; };
		A73658591D495D62005171F4 /* FunFactsUITests.swift */ = {isa = PBXFileReference; lastKnownFileType = sourcecode.swift; path = FunFactsUITests.swift; sourceTree = "<group>"; };
		A736585B1D495D62005171F4 /* Info.plist */ = {isa = PBXFileReference; lastKnownFileType = text.plist.xml; path = Info.plist; sourceTree = "<group>"; };
/* End PBXFileReference section */

/* Begin PBXFrameworksBuildPhase section */
		A73658331D495D62005171F4 /* Frameworks */ = {
			isa = PBXFrameworksBuildPhase;
			buildActionMask = 2147483647;
			files = (
			);
			runOnlyForDeploymentPostprocessing = 0;
		};
		A73658471D495D62005171F4 /* Frameworks */ = {
			isa = PBXFrameworksBuildPhase;
			buildActionMask = 2147483647;
			files = (
			);
			runOnlyForDeploymentPostprocessing = 0;
		};
		A73658521D495D62005171F4 /* Frameworks */ = {
			isa = PBXFrameworksBuildPhase;
			buildActionMask = 2147483647;
			files = (
			);
			runOnlyForDeploymentPostprocessing = 0;
		};
/* End PBXFrameworksBuildPhase section */

/* Begin PBXGroup section */
		A736582D1D495D62005171F4 = {
			isa = PBXGroup;
			children = (
				A73658381D495D62005171F4 /* FunFacts */,
				A736584D1D495D62005171F4 /* FunFactsTests */,
				A73658581D495D62005171F4 /* FunFactsUITests */,
				A73658371D495D62005171F4 /* Products */,
			);
			sourceTree = "<group>";
		};
		A73658371D495D62005171F4 /* Products */ = {
			isa = PBXGroup;
			children = (
				A73658361D495D62005171F4 /* FunFacts.app */,
				A736584A1D495D62005171F4 /* FunFactsTests.xctest */,
				A73658551D495D62005171F4 /* FunFactsUITests.xctest */,
			);
			name = Products;
			sourceTree = "<group>";
		};
		A73658381D495D62005171F4 /* FunFacts */ = {
			isa = PBXGroup;
			children = (
				A73658391D495D62005171F4 /* AppDelegate.swift */,
				A736583B1D495D62005171F4 /* ViewController.swift */,
				A736583D1D495D62005171F4 /* Main.storyboard */,
				A73658401D495D62005171F4 /* Assets.xcassets */,
				A73658421D495D62005171F4 /* LaunchScreen.storyboard */,
				A73658451D495D62005171F4 /* Info.plist */,
			);
			path = FunFacts;
			sourceTree = "<group>";
		};
		A736584D1D495D62005171F4 /* FunFactsTests */ = {
			isa = PBXGroup;
			children = (
				A736584E1D495D62005171F4 /* FunFactsTests.swift */,
				A73658501D495D62005171F4 /* Info.plist */,
			);
			path = FunFactsTests;
			sourceTree = "<group>";
		};
		A73658581D495D62005171F4 /* FunFactsUITests */ = {
			isa = PBXGroup;
			children = (
				A73658591D495D62005171F4 /* FunFactsUITests.swift */,
				A736585B1D495D62005171F4 /* Info.plist */,
			);
			path = FunFactsUITests;
			sourceTree = "<group>";
		};
/* End PBXGroup section */

/* Begin PBXNativeTarget section */
		A73658351D495D62005171F4 /* FunFacts */ = {
			isa = PBXNativeTarget;
			buildConfigurationList = A736585E1D495D62005171F4 /* Build configuration list for PBXNativeTarget "FunFacts" */;
			buildPhases = (
				A73658321D495D62005171F4 /* Sources */,
				A73658331D495D62005171F4 /* Frameworks */,
				A73658341D495D62005171F4 /* Resources */,
			);
			buildRules = (
			);
			dependencies = (
			);
			name = FunFacts;
			productName = FunFacts;
			productReference = A73658361D495D62005171F4 /* FunFacts.app */;
			productType = "com.apple.product-type.application";
		};
		A73658491D495D62005171F4 /* FunFactsTests */ = {
			isa = PBXNativeTarget;
			buildConfigurationList = A73658611D495D62005171F4 /* Build configuration list for PBXNativeTarget "FunFactsTests" */;
			buildPhases = (
				A73658461D495D62005171F4 /* Sources */,
				A73658471D495D62005171F4 /* Frameworks */,
				A73658481D495D62005171F4 /* Resources */,
			);
			buildRules = (
			);
			dependencies = (
				A736584C1D495D62005171F4 /* PBXTargetDependency */,
			);
			name = FunFactsTests;
			productName = FunFactsTests;
			productReference = A736584A1D495D62005171F4 /* FunFactsTests.xctest */;
			productType = "com.apple.product-type.bundle.unit-test";
		};
		A73658541D495D62005171F4 /* FunFactsUITests */ = {
			isa = PBXNativeTarget;
			buildConfigurationList = A73658641D495D62005171F4 /* Build configuration list for PBXNativeTarget "FunFactsUITests" */;
			buildPhases = (
				A73658511D495D62005171F4 /* Sources */,
				A73658521D495D62005171F4 /* Frameworks */,
				A73658531D495D62005171F4 /* Resources */,
			);
			buildRules = (
			);
			dependencies = (
				A73658571D495D62005171F4 /* PBXTargetDependency */,
			);
			name = FunFactsUITests;
			productName = FunFactsUITests;
			productReference = A73658551D495D62005171F4 /* FunFactsUITests.xctest */;
			productType = "com.apple.product-type.bundle.ui-testing";
		};
/* End PBXNativeTarget section */

/* Begin PBXProject section */
		A736582E1D495D62005171F4 /* Project object */ = {
			isa = PBXProject;
			attributes = {
				LastSwiftUpdateCheck = 0730;
				LastUpgradeCheck = 0730;
				ORGANIZATIONNAME = "Erick Barbosa";
				TargetAttributes = {
					A73658351D495D62005171F4 = {
						CreatedOnToolsVersion = 7.3.1;
					};
					A73658491D495D62005171F4 = {
						CreatedOnToolsVersion = 7.3.1;
						TestTargetID = A73658351D495D62005171F4;
					};
					A73658541D495D62005171F4 = {
						CreatedOnToolsVersion = 7.3.1;
						TestTargetID = A73658351D495D62005171F4;
					};
				};
			};
			buildConfigurationList = A73658311D495D62005171F4 /* Build configuration list for PBXProject "FunFacts" */;
			compatibilityVersion = "Xcode 3.2";
			developmentRegion = English;
			hasScannedForEncodings = 0;
			knownRegions = (
				en,
				Base,
			);
			mainGroup = A736582D1D495D62005171F4;
			productRefGroup = A73658371D495D62005171F4 /* Products */;
			projectDirPath = "";
			projectRoot = "";
			targets = (
				A73658351D495D62005171F4 /* FunFacts */,
				A73658491D495D62005171F4 /* FunFactsTests */,
				A73658541D495D62005171F4 /* FunFactsUITests */,
			);
		};
/* End PBXProject section */

/* Begin PBXResourcesBuildPhase section */
		A73658341D495D62005171F4 /* Resources */ = {
			isa = PBXResourcesBuildPhase;
			buildActionMask = 2147483647;
			files = (
				A73658441D495D62005171F4 /* LaunchScreen.storyboard in Resources */,
				A73658411D495D62005171F4 /* Assets.xcassets in Resources */,
				A736583F1D495D62005171F4 /* Main.storyboard in Resources */,
			);
			runOnlyForDeploymentPostprocessing = 0;
		};
		A73658481D495D62005171F4 /* Resources */ = {
			isa = PBXResourcesBuildPhase;
			buildActionMask = 2147483647;
			files = (
			);
			runOnlyForDeploymentPostprocessing = 0;
		};
		A73658531D495D62005171F4 /* Resources */ = {
			isa = PBXResourcesBuildPhase;
			buildActionMask = 2147483647;
			files = (
			);
			runOnlyForDeploymentPostprocessing = 0;
		};
/* End PBXResourcesBuildPhase section */

/* Begin PBXSourcesBuildPhase section */
		A73658321D495D62005171F4 /* Sources */ = {
			isa = PBXSourcesBuildPhase;
			buildActionMask = 2147483647;
			files = (
				A736583C1D495D62005171F4 /* ViewController.swift in Sources */,
				A736583A1D495D62005171F4 /* AppDelegate.swift in Sources */,
			);
			runOnlyForDeploymentPostprocessing = 0;
		};
		A73658461D495D62005171F4 /* Sources */ = {
			isa = PBXSourcesBuildPhase;
			buildActionMask = 2147483647;
			files = (
				A736584F1D495D62005171F4 /* FunFactsTests.swift in Sources */,
			);
			runOnlyForDeploymentPostprocessing = 0;
		};
		A73658511D495D62005171F4 /* Sources */ = {
			isa = PBXSourcesBuildPhase;
			buildActionMask = 2147483647;
			files = (
				A736585A1D495D62005171F4 /* FunFactsUITests.swift in Sources */,
			);
			runOnlyForDeploymentPostprocessing = 0;
		};
/* End PBXSourcesBuildPhase section */

/* Begin PBXTargetDependency section */
		A736584C1D495D62005171F4 /* PBXTargetDependency */ = {
			isa = PBXTargetDependency;
			target = A73658351D495D62005171F4 /* FunFacts */;
			targetProxy = A736584B1D495D62005171F4 /* PBXContainerItemProxy */;
		};
		A73658571D495D62005171F4 /* PBXTargetDependency */ = {
			isa = PBXTargetDependency;
			target = A73658351D495D62005171F4 /* FunFacts */;
			targetProxy = A73658561D495D62005171F4 /* PBXContainerItemProxy */;
		};
/* End PBXTargetDependency section */

/* Begin PBXVariantGroup section */
		A736583D1D495D62005171F4 /* Main.storyboard */ = {
			isa = PBXVariantGroup;
			children = (
				A736583E1D495D62005171F4 /* Base */,
			);
			name = Main.storyboard;
			sourceTree = "<group>";
		};
		A73658421D495D62005171F4 /* LaunchScreen.storyboard */ = {
			isa = PBXVariantGroup;
			children = (
				A73658431D495D62005171F4 /* Base */,
			);
			name = LaunchScreen.storyboard;
			sourceTree = "<group>";
		};
/* End PBXVariantGroup section */

/* Begin XCBuildConfiguration section */
		A736585C1D495D62005171F4 /* Debug */ = {
			isa = XCBuildConfiguration;
			buildSettings = {
				ALWAYS_SEARCH_USER_PATHS = NO;
				CLANG_ANALYZER_NONNULL = YES;
				CLANG_CXX_LANGUAGE_STANDARD = "gnu++0x";
				CLANG_CXX_LIBRARY = "libc++";
				CLANG_ENABLE_MODULES = YES;
				CLANG_ENABLE_OBJC_ARC = YES;
				CLANG_WARN_BOOL_CONVERSION = YES;
				CLANG_WARN_CONSTANT_CONVERSION = YES;
				CLANG_WARN_DIRECT_OBJC_ISA_USAGE = YES_ERROR;
				CLANG_WARN_EMPTY_BODY = YES;
				CLANG_WARN_ENUM_CONVERSION = YES;
				CLANG_WARN_INT_CONVERSION = YES;
				CLANG_WARN_OBJC_ROOT_CLASS = YES_ERROR;
				CLANG_WARN_UNREACHABLE_CODE = YES;
				CLANG_WARN__DUPLICATE_METHOD_MATCH = YES;
				"CODE_SIGN_IDENTITY[sdk=iphoneos*]" = "iPhone Developer";
				COPY_PHASE_STRIP = NO;
				DEBUG_INFORMATION_FORMAT = dwarf;
				ENABLE_STRICT_OBJC_MSGSEND = YES;
				ENABLE_TESTABILITY = YES;
				GCC_C_LANGUAGE_STANDARD = gnu99;
				GCC_DYNAMIC_NO_PIC = NO;
				GCC_NO_COMMON_BLOCKS = YES;
				GCC_OPTIMIZATION_LEVEL = 0;
				GCC_PREPROCESSOR_DEFINITIONS = (
					"DEBUG=1",
					"$(inherited)",
				);
				GCC_WARN_64_TO_32_BIT_CONVERSION = YES;
				GCC_WARN_ABOUT_RETURN_TYPE = YES_ERROR;
				GCC_WARN_UNDECLARED_SELECTOR = YES;
				GCC_WARN_UNINITIALIZED_AUTOS = YES_AGGRESSIVE;
				GCC_WARN_UNUSED_FUNCTION = YES;
				GCC_WARN_UNUSED_VARIABLE = YES;
				IPHONEOS_DEPLOYMENT_TARGET = 9.3;
				MTL_ENABLE_DEBUG_INFO = YES;
				ONLY_ACTIVE_ARCH = YES;
				SDKROOT = iphoneos;
				SWIFT_OPTIMIZATION_LEVEL = "-Onone";
			};
			name = Debug;
		};
		A736585D1D495D62005171F4 /* Release */ = {
			isa = XCBuildConfiguration;
			buildSettings = {
				ALWAYS_SEARCH_USER_PATHS = NO;
				CLANG_ANALYZER_NONNULL = YES;
				CLANG_CXX_LANGUAGE_STANDARD = "gnu++0x";
				CLANG_CXX_LIBRARY = "libc++";
				CLANG_ENABLE_MODULES = YES;
				CLANG_ENABLE_OBJC_ARC = YES;
				CLANG_WARN_BOOL_CONVERSION = YES;
				CLANG_WARN_CONSTANT_CONVERSION = YES;
				CLANG_WARN_DIRECT_OBJC_ISA_USAGE = YES_ERROR;
				CLANG_WARN_EMPTY_BODY = YES;
				CLANG_WARN_ENUM_CONVERSION = YES;
				CLANG_WARN_INT_CONVERSION = YES;
				CLANG_WARN_OBJC_ROOT_CLASS = YES_ERROR;
				CLANG_WARN_UNREACHABLE_CODE = YES;
				CLANG_WARN__DUPLICATE_METHOD_MATCH = YES;
				"CODE_SIGN_IDENTITY[sdk=iphoneos*]" = "iPhone Developer";
				COPY_PHASE_STRIP = NO;
				DEBUG_INFORMATION_FORMAT = "dwarf-with-dsym";
				ENABLE_NS_ASSERTIONS = NO;
				ENABLE_STRICT_OBJC_MSGSEND = YES;
				GCC_C_LANGUAGE_STANDARD = gnu99;
				GCC_NO_COMMON_BLOCKS = YES;
				GCC_WARN_64_TO_32_BIT_CONVERSION = YES;
				GCC_WARN_ABOUT_RETURN_TYPE = YES_ERROR;
				GCC_WARN_UNDECLARED_SELECTOR = YES;
				GCC_WARN_UNINITIALIZED_AUTOS = YES_AGGRESSIVE;
				GCC_WARN_UNUSED_FUNCTION = YES;
				GCC_WARN_UNUSED_VARIABLE = YES;
				IPHONEOS_DEPLOYMENT_TARGET = 9.3;
				MTL_ENABLE_DEBUG_INFO = NO;
				SDKROOT = iphoneos;
				VALIDATE_PRODUCT = YES;
			};
			name = Release;
		};
		A736585F1D495D62005171F4 /* Debug */ = {
			isa = XCBuildConfiguration;
			buildSettings = {
				ASSETCATALOG_COMPILER_APPICON_NAME = AppIcon;
				INFOPLIST_FILE = FunFacts/Info.plist;
				LD_RUNPATH_SEARCH_PATHS = "$(inherited) @executable_path/Frameworks";
				PRODUCT_BUNDLE_IDENTIFIER = pitApps.FunFacts;
				PRODUCT_NAME = "$(TARGET_NAME)";
			};
			name = Debug;
		};
		A73658601D495D62005171F4 /* Release */ = {
			isa = XCBuildConfiguration;
			buildSettings = {
				ASSETCATALOG_COMPILER_APPICON_NAME = AppIcon;
				INFOPLIST_FILE = FunFacts/Info.plist;
				LD_RUNPATH_SEARCH_PATHS = "$(inherited) @executable_path/Frameworks";
				PRODUCT_BUNDLE_IDENTIFIER = pitApps.FunFacts;
				PRODUCT_NAME = "$(TARGET_NAME)";
			};
			name = Release;
		};
		A73658621D495D62005171F4 /* Debug */ = {
			isa = XCBuildConfiguration;
			buildSettings = {
				BUNDLE_LOADER = "$(TEST_HOST)";
				INFOPLIST_FILE = FunFactsTests/Info.plist;
				LD_RUNPATH_SEARCH_PATHS = "$(inherited) @executable_path/Frameworks @loader_path/Frameworks";
				PRODUCT_BUNDLE_IDENTIFIER = pitApps.FunFactsTests;
				PRODUCT_NAME = "$(TARGET_NAME)";
				TEST_HOST = "$(BUILT_PRODUCTS_DIR)/FunFacts.app/FunFacts";
			};
			name = Debug;
		};
		A73658631D495D62005171F4 /* Release */ = {
			isa = XCBuildConfiguration;
			buildSettings = {
				BUNDLE_LOADER = "$(TEST_HOST)";
				INFOPLIST_FILE = FunFactsTests/Info.plist;
				LD_RUNPATH_SEARCH_PATHS = "$(inherited) @executable_path/Frameworks @loader_path/Frameworks";
				PRODUCT_BUNDLE_IDENTIFIER = pitApps.FunFactsTests;
				PRODUCT_NAME = "$(TARGET_NAME)";
				TEST_HOST = "$(BUILT_PRODUCTS_DIR)/FunFacts.app/FunFacts";
			};
			name = Release;
		};
		A73658651D495D62005171F4 /* Debug */ = {
			isa = XCBuildConfiguration;
			buildSettings = {
				INFOPLIST_FILE = FunFactsUITests/Info.plist;
				LD_RUNPATH_SEARCH_PATHS = "$(inherited) @executable_path/Frameworks @loader_path/Frameworks";
				PRODUCT_BUNDLE_IDENTIFIER = pitApps.FunFactsUITests;
				PRODUCT_NAME = "$(TARGET_NAME)";
				TEST_TARGET_NAME = FunFacts;
			};
			name = Debug;
		};
		A73658661D495D62005171F4 /* Release */ = {
			isa = XCBuildConfiguration;
			buildSettings = {
				INFOPLIST_FILE = FunFactsUITests/Info.plist;
				LD_RUNPATH_SEARCH_PATHS = "$(inherited) @executable_path/Frameworks @loader_path/Frameworks";
				PRODUCT_BUNDLE_IDENTIFIER = pitApps.FunFactsUITests;
				PRODUCT_NAME = "$(TARGET_NAME)";
				TEST_TARGET_NAME = FunFacts;
			};
			name = Release;
		};
/* End XCBuildConfiguration section */

/* Begin XCConfigurationList section */
		A73658311D495D62005171F4 /* Build configuration list for PBXProject "FunFacts" */ = {
			isa = XCConfigurationList;
			buildConfigurations = (
				A736585C1D495D62005171F4 /* Debug */,
				A736585D1D495D62005171F4 /* Release */,
			);
			defaultConfigurationIsVisible = 0;
			defaultConfigurationName = Release;
		};
		A736585E1D495D62005171F4 /* Build configuration list for PBXNativeTarget "FunFacts" */ = {
			isa = XCConfigurationList;
			buildConfigurations = (
				A736585F1D495D62005171F4 /* Debug */,
				A73658601D495D62005171F4 /* Release */,
			);
			defaultConfigurationIsVisible = 0;
		};
		A73658611D495D62005171F4 /* Build configuration list for PBXNativeTarget "FunFactsTests" */ = {
			isa = XCConfigurationList;
			buildConfigurations = (
				A73658621D495D62005171F4 /* Debug */,
				A73658631D495D62005171F4 /* Release */,
			);
			defaultConfigurationIsVisible = 0;
		};
		A73658641D495D62005171F4 /* Build configuration list for PBXNativeTarget "FunFactsUITests" */ = {
			isa = XCConfigurationList;
			buildConfigurations = (
				A73658651D495D62005171F4 /* Debug */,
				A73658661D495D62005171F4 /* Release */,
			);
			defaultConfigurationIsVisible = 0;
		};
/* End XCConfigurationList section */
	};
	rootObject = A736582E1D495D62005171F4 /* Project object */;
}
